
Microsoft Visual Studio Solution File, Format Version 12.00
# Visual Studio 15
VisualStudioVersion = 15.0.27428.2037
MinimumVisualStudioVersion = 10.0.40219.1
Project("{FAE04EC0-301F-11D3-BF4B-00C04F79EFBC}") = "KioskContact", "KioskContact\KioskContact.csproj", "{BC43826C-5B56-4C4A-A46F-DFF2131BDBAE}"
EndProject
Global
	GlobalSection(SolutionConfigurationPlatforms) = preSolution
		Debug|Any CPU = Debug|Any CPU
		Release|Any CPU = Release|Any CPU
	EndGlobalSection
	GlobalSection(ProjectConfigurationPlatforms) = postSolution
		{BC43826C-5B56-4C4A-A46F-DFF2131BDBAE}.Debug|Any CPU.ActiveCfg = Debug|Any CPU
		{BC43826C-5B56-4C4A-A46F-DFF2131BDBAE}.Debug|Any CPU.Build.0 = Debug|Any CPU
		{BC43826C-5B56-4C4A-A46F-DFF2131BDBAE}.Release|Any CPU.ActiveCfg = Release|Any CPU
		{BC43826C-5B56-4C4A-A46F-DFF2131BDBAE}.Release|Any CPU.Build.0 = Release|Any CPU
	EndGlobalSection
	GlobalSection(SolutionProperties) = preSolution
		HideSolutionNode = FALSE
	EndGlobalSection
	GlobalSection(ExtensibilityGlobals) = postSolution
		SolutionGuid = {BF760B25-835F-4617-9CCB-F0DD5C3C8B2A}
	EndGlobalSection
EndGlobal
